<?xml version="1.0" encoding="utf-8"?>
<Project ToolsVersion="4.0" xmlns="http://schemas.microsoft.com/developer/msbuild/2003">
  <ItemGroup>
    <ClCompile Include="src\dns_service.cpp" />
    <ClCompile Include="src\dns_router.cpp" />
    <ClCompile Include="test\test.cpp" />
    <ClCompile Include="src\subscribe.cpp" />
  </ItemGroup>
  <ItemGroup>
    <ClInclude Include="include\dns_router.h" />
    <ClInclude Include="include\subscribe.h" />
  </ItemGroup>
</Project>